{
  "version": 4,
  "terraform_version": "1.14.3",
  "serial": 13,
  "lineage": "b652c203-e8ce-ee0d-940b-a30eda339351",
  "outputs": {},
  "resources": [
    {
      "mode": "managed",
      "type": "local_file",
      "name": "f1",
      "provider": "provider[\"registry.terraform.io/hashicorp/local\"]",
      "instances": [
        {
          "schema_version": 0,
          "attributes": {
            "content": "c2df639bc560a5818b61c6fc0d31584b99b85336",
            "content_base64": null,
            "content_base64sha256": "7ofsJg4AKAgcGmHrqg/ZzSfZNb6dhqpLpcE5dK1ma8U=",
            "content_base64sha512": "YTzA11InsKKGUJmteiPJt82Lb64p6M5L3DSysWWzc8vyK8k21AXgGNRgbg95mp58XJzrhu7Y+xO4gt7jpXBi7Q==",
            "content_md5": "9f752baf50b750bc461e0cb4ba5106b4",
            "content_sha1": "e2aed1eb8f10f0eb2fe0b882347a27eeef3e3daa",
            "content_sha256": "ee87ec260e0028081c1a61ebaa0fd9cd27d935be9d86aa4ba5c13974ad666bc5",
            "content_sha512": "613cc0d75227b0a2865099ad7a23c9b7cd8b6fae29e8ce4bdc34b2b165b373cbf22bc936d405e018d4606e0f799a9e7c5c9ceb86eed8fb13b882dee3a57062ed",
            "directory_permission": "0777",
            "file_permission": "0777",
            "filename": "abdd",
            "id": "e2aed1eb8f10f0eb2fe0b882347a27eeef3e3daa",
            "sensitive_content": null,
            "source": null
          },
          "sensitive_attributes": [
            [
              {
                "type": "get_attr",
                "value": "sensitive_content"
              }
            ]
          ],
          "identity_schema_version": 0,
          "dependencies": [
            "local_file.f3"
          ]
        }
      ]
    },
    {
      "mode": "managed",
      "type": "local_file",
      "name": "f11",
      "provider": "provider[\"registry.terraform.io/hashicorp/local\"]",
      "instances": [
        {
          "index_key": 0,
          "schema_version": 0,
          "attributes": {
            "content": "aaa",
            "content_base64": null,
            "content_base64sha256": "mDSHbc+wXLFnpcJJU+uljErImxrfV/KPL50JrxB+6PA=",
            "content_base64sha512": "1vZEsZgS6XtdhxZY1tNADs1Hh/rrm4mQwedggohmS+dyVxBKWNAzvPGg4JRf8GRo6+U+Lf824khCTHJzEX2sCQ==",
            "content_md5": "47bce5c74f589f4867dbd57e9ca9f808",
            "content_sha1": "7e240de74fb1ed08fa08d38063f6a6a91462a815",
            "content_sha256": "9834876dcfb05cb167a5c24953eba58c4ac89b1adf57f28f2f9d09af107ee8f0",
            "content_sha512": "d6f644b19812e97b5d871658d6d3400ecd4787faeb9b8990c1e7608288664be77257104a58d033bcf1a0e0945ff06468ebe53e2dff36e248424c7273117dac09",
            "directory_permission": "0777",
            "file_permission": "0777",
            "filename": "abc.txt",
            "id": "7e240de74fb1ed08fa08d38063f6a6a91462a815",
            "sensitive_content": null,
            "source": null
          },
          "sensitive_attributes": [
            [
              {
                "type": "get_attr",
                "value": "sensitive_content"
              }
            ]
          ],
          "identity_schema_version": 0
        },
        {
          "index_key": 1,
          "schema_version": 0,
          "attributes": {
            "content": "aaa",
            "content_base64": null,
            "content_base64sha256": "mDSHbc+wXLFnpcJJU+uljErImxrfV/KPL50JrxB+6PA=",
            "content_base64sha512": "1vZEsZgS6XtdhxZY1tNADs1Hh/rrm4mQwedggohmS+dyVxBKWNAzvPGg4JRf8GRo6+U+Lf824khCTHJzEX2sCQ==",
            "content_md5": "47bce5c74f589f4867dbd57e9ca9f808",
            "content_sha1": "7e240de74fb1ed08fa08d38063f6a6a91462a815",
            "content_sha256": "9834876dcfb05cb167a5c24953eba58c4ac89b1adf57f28f2f9d09af107ee8f0",
            "content_sha512": "d6f644b19812e97b5d871658d6d3400ecd4787faeb9b8990c1e7608288664be77257104a58d033bcf1a0e0945ff06468ebe53e2dff36e248424c7273117dac09",
            "directory_permission": "0777",
            "file_permission": "0777",
            "filename": "xyz.txt",
            "id": "7e240de74fb1ed08fa08d38063f6a6a91462a815",
            "sensitive_content": null,
            "source": null
          },
          "sensitive_attributes": [
            [
              {
                "type": "get_attr",
                "value": "sensitive_content"
              }
            ]
          ],
          "identity_schema_version": 0
        }
      ]
    },
    {
      "mode": "managed",
      "type": "local_file",
      "name": "f12",
      "provider": "provider[\"registry.terraform.io/hashicorp/local\"]",
      "instances": [
        {
          "index_key": "abcd.txt",
          "schema_version": 0,
          "attributes": {
            "content": "aaa",
            "content_base64": null,
            "content_base64sha256": "mDSHbc+wXLFnpcJJU+uljErImxrfV/KPL50JrxB+6PA=",
            "content_base64sha512": "1vZEsZgS6XtdhxZY1tNADs1Hh/rrm4mQwedggohmS+dyVxBKWNAzvPGg4JRf8GRo6+U+Lf824khCTHJzEX2sCQ==",
            "content_md5": "47bce5c74f589f4867dbd57e9ca9f808",
            "content_sha1": "7e240de74fb1ed08fa08d38063f6a6a91462a815",
            "content_sha256": "9834876dcfb05cb167a5c24953eba58c4ac89b1adf57f28f2f9d09af107ee8f0",
            "content_sha512": "d6f644b19812e97b5d871658d6d3400ecd4787faeb9b8990c1e7608288664be77257104a58d033bcf1a0e0945ff06468ebe53e2dff36e248424c7273117dac09",
            "directory_permission": "0777",
            "file_permission": "0777",
            "filename": "abcd.txt",
            "id": "7e240de74fb1ed08fa08d38063f6a6a91462a815",
            "sensitive_content": null,
            "source": null
          },
          "sensitive_attributes": [
            [
              {
                "type": "get_attr",
                "value": "sensitive_content"
              }
            ]
          ],
          "identity_schema_version": 0
        },
        {
          "index_key": "xyzd.txt",
          "schema_version": 0,
          "attributes": {
            "content": "aaa",
            "content_base64": null,
            "content_base64sha256": "mDSHbc+wXLFnpcJJU+uljErImxrfV/KPL50JrxB+6PA=",
            "content_base64sha512": "1vZEsZgS6XtdhxZY1tNADs1Hh/rrm4mQwedggohmS+dyVxBKWNAzvPGg4JRf8GRo6+U+Lf824khCTHJzEX2sCQ==",
            "content_md5": "47bce5c74f589f4867dbd57e9ca9f808",
            "content_sha1": "7e240de74fb1ed08fa08d38063f6a6a91462a815",
            "content_sha256": "9834876dcfb05cb167a5c24953eba58c4ac89b1adf57f28f2f9d09af107ee8f0",
            "content_sha512": "d6f644b19812e97b5d871658d6d3400ecd4787faeb9b8990c1e7608288664be77257104a58d033bcf1a0e0945ff06468ebe53e2dff36e248424c7273117dac09",
            "directory_permission": "0777",
            "file_permission": "0777",
            "filename": "xyzd.txt",
            "id": "7e240de74fb1ed08fa08d38063f6a6a91462a815",
            "sensitive_content": null,
            "source": null
          },
          "sensitive_attributes": [
            [
              {
                "type": "get_attr",
                "value": "sensitive_content"
              }
            ]
          ],
          "identity_schema_version": 0
        }
      ]
    },
    {
      "mode": "managed",
      "type": "local_file",
      "name": "f2",
      "provider": "provider[\"registry.terraform.io/hashicorp/local\"]",
      "instances": [
        {
          "schema_version": 0,
          "attributes": {
            "content": "e2aed1eb8f10f0eb2fe0b882347a27eeef3e3daa",
            "content_base64": null,
            "content_base64sha256": "Sv0R7j8TTQcrNyjpy29zlIr1RJ24x6f0z5nBoqO080Q=",
            "content_base64sha512": "YXrxqKGkapKQxhyGPjgWHn+AoDorYmv9gFUkSaez01NScznWHuWETeEaT+s9QQTiScs8pi+4VCgNxfy+lxH8IQ==",
            "content_md5": "22f20708901101191ccac069c4039a0f",
            "content_sha1": "fabfe45a85e56fa78be6a6502dbe5b752ba0aa2c",
            "content_sha256": "4afd11ee3f134d072b3728e9cb6f73948af5449db8c7a7f4cf99c1a2a3b4f344",
            "content_sha512": "617af1a8a1a46a9290c61c863e38161e7f80a03a2b626bfd80552449a7b3d353527339d61ee5844de11a4feb3d4104e249cb3ca62fb854280dc5fcbe9711fc21",
            "directory_permission": "0777",
            "file_permission": "0777",
            "filename": "xyz",
            "id": "fabfe45a85e56fa78be6a6502dbe5b752ba0aa2c",
            "sensitive_content": null,
            "source": null
          },
          "sensitive_attributes": [
            [
              {
                "type": "get_attr",
                "value": "sensitive_content"
              }
            ]
          ],
          "identity_schema_version": 0,
          "dependencies": [
            "local_file.f1",
            "local_file.f3"
          ]
        }
      ]
    },
    {
      "mode": "managed",
      "type": "local_file",
      "name": "f3",
      "provider": "provider[\"registry.terraform.io/hashicorp/local\"]",
      "instances": [
        {
          "schema_version": 0,
          "attributes": {
            "content": "aaa1",
            "content_base64": null,
            "content_base64sha256": "sG5rAsLY2JB10ZtlqKoSB1pspeltGRr/c85SQvQo4Nk=",
            "content_base64sha512": "EJT8SItVwVpVCLFwOCsWZroYiUP41aNNCF4PKKQwtgQMQBj6lF6hAuKBHzwIKEiaslpOCQwyLErbYBh9DJ3XRQ==",
            "content_md5": "39dc4f1ee693e5adabddd872247e451f",
            "content_sha1": "c2df639bc560a5818b61c6fc0d31584b99b85336",
            "content_sha256": "b06e6b02c2d8d89075d19b65a8aa12075a6ca5e96d191aff73ce5242f428e0d9",
            "content_sha512": "1094fc488b55c15a5508b170382b1666ba188943f8d5a34d085e0f28a430b6040c4018fa945ea102e2811f3c0828489ab25a4e090c322c4adb60187d0c9dd745",
            "directory_permission": "0777",
            "file_permission": "0777",
            "filename": "abcd",
            "id": "c2df639bc560a5818b61c6fc0d31584b99b85336",
            "sensitive_content": null,
            "source": null
          },
          "sensitive_attributes": [
            [
              {
                "type": "get_attr",
                "value": "sensitive_content"
              }
            ]
          ],
          "identity_schema_version": 0
        }
      ]
    },
    {
      "mode": "managed",
      "type": "local_file",
      "name": "f4",
      "provider": "provider[\"registry.terraform.io/hashicorp/local\"]",
      "instances": [
        {
          "schema_version": 0,
          "attributes": {
            "content": "shda",
            "content_base64": null,
            "content_base64sha256": "VjZ4MnVkRcMcH6p7HDYDnDoMDCmZLxyCmXAzbiVrylM=",
            "content_base64sha512": "iDRX3xKd28yY7Na71GwCsknydxQfEIEAU3iSCWa4YVPp5hsz4VZwa5hdZ+oSLdbJgXMiXhjR/1TN8Xf//xo7jA==",
            "content_md5": "3bef06cfe36b4ef3781575a47e33efbf",
            "content_sha1": "46cb499c8b15de3d16f317ad5d0efd0f6014bb2c",
            "content_sha256": "56367832756445c31c1faa7b1c36039c3a0c0c29992f1c829970336e256bca53",
            "content_sha512": "883457df129ddbcc98ecd6bbd46c02b249f277141f1081005378920966b86153e9e61b33e156706b985d67ea122dd6c98173225e18d1ff54cdf177ffff1a3b8c",
            "directory_permission": "0777",
            "file_permission": "0777",
            "filename": "xyz2",
            "id": "46cb499c8b15de3d16f317ad5d0efd0f6014bb2c",
            "sensitive_content": null,
            "source": null
          },
          "sensitive_attributes": [
            [
              {
                "type": "get_attr",
                "value": "sensitive_content"
              }
            ]
          ],
          "identity_schema_version": 0,
          "dependencies": [
            "local_file.f1",
            "local_file.f2",
            "local_file.f3"
          ]
        }
      ]
    },
    {
      "mode": "managed",
      "type": "local_file",
      "name": "file",
      "provider": "provider[\"registry.terraform.io/hashicorp/local\"]",
      "instances": [
        {
          "schema_version": 0,
          "attributes": {
            "content": "v1",
            "content_base64": null,
            "content_base64sha256": "O/wmlZTvZJIo6adLqwDwQu/JHVrMb77jGjgugNQjiP4=",
            "content_base64sha512": "1/mqYAe1+Th2DdKZF+GLS5+w8Yb7AK5wYnDghXIObOLXw+/GFQvketzLmuMA9I2yM5C/DvMurKZLWGVQucolBw==",
            "content_md5": "6654c734ccab8f440ff0825eb443dc7f",
            "content_sha1": "5a6df720540c20d95d530d3fd6885511223d5d20",
            "content_sha256": "3bfc269594ef649228e9a74bab00f042efc91d5acc6fbee31a382e80d42388fe",
            "content_sha512": "d7f9aa6007b5f938760dd29917e18b4b9fb0f186fb00ae706270e085720e6ce2d7c3efc6150be47adccb9ae300f48db23390bf0ef32eaca64b586550b9ca2507",
            "directory_permission": "0777",
            "file_permission": "0777",
            "filename": "app.txt",
            "id": "5a6df720540c20d95d530d3fd6885511223d5d20",
            "sensitive_content": null,
            "source": null
          },
          "sensitive_attributes": [
            [
              {
                "type": "get_attr",
                "value": "sensitive_content"
              }
            ]
          ],
          "identity_schema_version": 0,
          "create_before_destroy": true
        }
      ]
    },
    {
      "mode": "managed",
      "type": "local_file",
      "name": "important",
      "provider": "provider[\"registry.terraform.io/hashicorp/local\"]",
      "instances": [
        {
          "schema_version": 0,
          "attributes": {
            "content": "do not delete",
            "content_base64": null,
            "content_base64sha256": "wNr0WrcHCzoSbkYUtJ8ODyJ8SylScrV/Yu7i0jOMlGc=",
            "content_base64sha512": "dTNqcAG45q4fMyFgMEKJyQzumkHUsVdMuF7GNZZwMpqVNVsx+jgVfjVdjCxDYwLpT5p/KI1RWID3XOWb8M42tg==",
            "content_md5": "a534c79e5b45cef970191f0cfb779366",
            "content_sha1": "53c901c4d5fd96d616544c6b42abc14612264396",
            "content_sha256": "c0daf45ab7070b3a126e4614b49f0e0f227c4b295272b57f62eee2d2338c9467",
            "content_sha512": "75336a7001b8e6ae1f332160304289c90cee9a41d4b1574cb85ec6359670329a95355b31fa38157e355d8c2c436302e94f9a7f288d515880f75ce59bf0ce36b6",
            "directory_permission": "0777",
            "file_permission": "0777",
            "filename": "critical.txt",
            "id": "53c901c4d5fd96d616544c6b42abc14612264396",
            "sensitive_content": null,
            "source": null
          },
          "sensitive_attributes": [
            [
              {
                "type": "get_attr",
                "value": "sensitive_content"
              }
            ]
          ],
          "identity_schema_version": 0
        }
      ]
    }
  ],
  "check_results": null
}
