{
  "version": 4,
  "terraform_version": "1.14.3",
  "serial": 3,
  "lineage": "81899b7e-be27-bd98-b323-57c945b8a26d",
  "outputs": {
    "op1": {
      "value": "VGhpc3MgaXMgY29udGVudA==",
      "type": "string"
    }
  },
  "resources": [
    {
      "mode": "data",
      "type": "local_file",
      "name": "d1",
      "provider": "provider[\"registry.terraform.io/hashicorp/local\"]",
      "instances": [
        {
          "schema_version": 0,
          "attributes": {
            "content": "Thiss is content",
            "content_base64": "VGhpc3MgaXMgY29udGVudA==",
            "content_base64sha256": "/nh1BZrCZ1sgjQqofKb3k4usZrQnKlffN+fArxNpzus=",
            "content_base64sha512": "/Z25pKWU7SLnLaQ5oM4Wmjv5+bENziJF4dDiGvMpEOBZgwcSblIOODacwY4Aaijp61hzlTZDGgjAGpWiNcR3Sw==",
            "content_md5": "3693b4899092bef2d7c6ad6e0853d113",
            "content_sha1": "34d0f31581383eec9264499e61d3375bb1450b5d",
            "content_sha256": "fe7875059ac2675b208d0aa87ca6f7938bac66b4272a57df37e7c0af1369ceeb",
            "content_sha512": "fd9db9a4a594ed22e72da439a0ce169a3bf9f9b10dce2245e1d0e21af32910e0598307126e520e38369cc18e006a28e9eb58739536431a08c01a95a235c4774b",
            "filename": "/home/muhammedavez/Terraform/tf-class06-composite_dt_workspace_datasource/prac/data_source/abc.txt",
            "id": "34d0f31581383eec9264499e61d3375bb1450b5d"
          },
          "sensitive_attributes": [],
          "identity_schema_version": 0
        }
      ]
    },
    {
      "mode": "managed",
      "type": "local_file",
      "name": "f1",
      "provider": "provider[\"registry.terraform.io/hashicorp/local\"]",
      "instances": [
        {
          "schema_version": 0,
          "attributes": {
            "content": "Thiss is content",
            "content_base64": null,
            "content_base64sha256": "/nh1BZrCZ1sgjQqofKb3k4usZrQnKlffN+fArxNpzus=",
            "content_base64sha512": "/Z25pKWU7SLnLaQ5oM4Wmjv5+bENziJF4dDiGvMpEOBZgwcSblIOODacwY4Aaijp61hzlTZDGgjAGpWiNcR3Sw==",
            "content_md5": "3693b4899092bef2d7c6ad6e0853d113",
            "content_sha1": "34d0f31581383eec9264499e61d3375bb1450b5d",
            "content_sha256": "fe7875059ac2675b208d0aa87ca6f7938bac66b4272a57df37e7c0af1369ceeb",
            "content_sha512": "fd9db9a4a594ed22e72da439a0ce169a3bf9f9b10dce2245e1d0e21af32910e0598307126e520e38369cc18e006a28e9eb58739536431a08c01a95a235c4774b",
            "directory_permission": "0777",
            "file_permission": "0777",
            "filename": "abc.txt",
            "id": "34d0f31581383eec9264499e61d3375bb1450b5d",
            "sensitive_content": null,
            "source": null
          },
          "sensitive_attributes": [
            [
              {
                "type": "get_attr",
                "value": "sensitive_content"
              }
            ]
          ],
          "identity_schema_version": 0
        }
      ]
    }
  ],
  "check_results": null
}
